
Microsoft Visual Studio Solution File, Format Version 12.00
# Visual Studio Version 17
VisualStudioVersion = 17.0.31903.59
MinimumVisualStudioVersion = 10.0.40219.1
Project("{9A19103F-16F7-4668-BE54-9A1E7A4F7556}") = "HF.Service", "src\HF.Service\HF.Service.csproj", "{4F31C98E-E727-4B57-8E07-6052585B4C45}"
EndProject
Project("{FAE04EC0-301F-11D3-BF4B-00C04F79EFBC}") = "HF.Api", "src\HF.Api\HF.Api.csproj", "{0D1BAE61-EE78-4AAE-8D93-D84709C273B5}"
EndProject
Project("{FAE04EC0-301F-11D3-BF4B-00C04F79EFBC}") = "HF.Jobs", "src\HF.Jobs\HF.Jobs.csproj", "{4A33ADA7-B41D-4628-8620-607A392D36CB}"
EndProject
Global
	GlobalSection(SolutionConfigurationPlatforms) = preSolution
		Debug|Any CPU = Debug|Any CPU
		Release|Any CPU = Release|Any CPU
	EndGlobalSection
	GlobalSection(ProjectConfigurationPlatforms) = postSolution
		{4F31C98E-E727-4B57-8E07-6052585B4C45}.Debug|Any CPU.ActiveCfg = Debug|Any CPU
		{4F31C98E-E727-4B57-8E07-6052585B4C45}.Debug|Any CPU.Build.0 = Debug|Any CPU
		{4F31C98E-E727-4B57-8E07-6052585B4C45}.Release|Any CPU.ActiveCfg = Release|Any CPU
		{4F31C98E-E727-4B57-8E07-6052585B4C45}.Release|Any CPU.Build.0 = Release|Any CPU
		{0D1BAE61-EE78-4AAE-8D93-D84709C273B5}.Debug|Any CPU.ActiveCfg = Debug|Any CPU
		{0D1BAE61-EE78-4AAE-8D93-D84709C273B5}.Debug|Any CPU.Build.0 = Debug|Any CPU
		{0D1BAE61-EE78-4AAE-8D93-D84709C273B5}.Release|Any CPU.ActiveCfg = Release|Any CPU
		{0D1BAE61-EE78-4AAE-8D93-D84709C273B5}.Release|Any CPU.Build.0 = Release|Any CPU
		{4A33ADA7-B41D-4628-8620-607A392D36CB}.Debug|Any CPU.ActiveCfg = Debug|Any CPU
		{4A33ADA7-B41D-4628-8620-607A392D36CB}.Debug|Any CPU.Build.0 = Debug|Any CPU
		{4A33ADA7-B41D-4628-8620-607A392D36CB}.Release|Any CPU.ActiveCfg = Release|Any CPU
		{4A33ADA7-B41D-4628-8620-607A392D36CB}.Release|Any CPU.Build.0 = Release|Any CPU
	EndGlobalSection
	GlobalSection(SolutionProperties) = preSolution
		HideSolutionNode = FALSE
	EndGlobalSection
	GlobalSection(ExtensibilityGlobals) = postSolution
		SolutionGuid = {81871F30-7F90-41FC-AAC0-A3714D9D43C2}
	EndGlobalSection
EndGlobal
